// !$*UTF8*$!
{
	archiveVersion = 1;
	classes = {
	};
	objectVersion = 48;
	objects = {

/* Begin PBXBuildFile section */
		1AE469D521F8C37700F86B88 /* AppDelegate.swift in Sources */ = {isa = PBXBuildFile; fileRef = 1AE469D421F8C37700F86B88 /* AppDelegate.swift */; };
		1AE469D721F8C37700F86B88 /* ViewController.swift in Sources */ = {isa = PBXBuildFile; fileRef = 1AE469D621F8C37700F86B88 /* ViewController.swift */; };
		1AE469DA21F8C37700F86B88 /* Main.storyboard in Resources */ = {isa = PBXBuildFile; fileRef = 1AE469D821F8C37700F86B88 /* Main.storyboard */; };
		1AE469DC21F8C37700F86B88 /* Assets.xcassets in Resources */ = {isa = PBXBuildFile; fileRef = 1AE469DB21F8C37700F86B88 /* Assets.xcassets */; };
		1AE469DF21F8C37700F86B88 /* LaunchScreen.storyboard in Resources */ = {isa = PBXBuildFile; fileRef = 1AE469DD21F8C37700F86B88 /* LaunchScreen.storyboard */; };
		1AE469EA21F8C37700F86B88 /* P1Repositorio3Tests.swift in Sources */ = {isa = PBXBuildFile; fileRef = 1AE469E921F8C37700F86B88 /* P1Repositorio3Tests.swift */; };
		1AE469F521F8C37700F86B88 /* P1Repositorio3UITests.swift in Sources */ = {isa = PBXBuildFile; fileRef = 1AE469F421F8C37700F86B88 /* P1Repositorio3UITests.swift */; };
/* End PBXBuildFile section */

/* Begin PBXContainerItemProxy section */
		1AE469E621F8C37700F86B88 /* PBXContainerItemProxy */ = {
			isa = PBXContainerItemProxy;
			containerPortal = 1AE469C921F8C37700F86B88 /* Project object */;
			proxyType = 1;
			remoteGlobalIDString = 1AE469D021F8C37700F86B88;
			remoteInfo = P1Repositorio3;
		};
		1AE469F121F8C37700F86B88 /* PBXContainerItemProxy */ = {
			isa = PBXContainerItemProxy;
			containerPortal = 1AE469C921F8C37700F86B88 /* Project object */;
			proxyType = 1;
			remoteGlobalIDString = 1AE469D021F8C37700F86B88;
			remoteInfo = P1Repositorio3;
		};
/* End PBXContainerItemProxy section */

/* Begin PBXFileReference section */
		1AE469D121F8C37700F86B88 /* P1Repositorio3.app */ = {isa = PBXFileReference; explicitFileType = wrapper.application; includeInIndex = 0; path = P1Repositorio3.app; sourceTree = BUILT_PRODUCTS_DIR; };
		1AE469D421F8C37700F86B88 /* AppDelegate.swift */ = {isa = PBXFileReference; lastKnownFileType = sourcecode.swift; path = AppDelegate.swift; sourceTree = "<group>"; };
		1AE469D621F8C37700F86B88 /* ViewController.swift */ = {isa = PBXFileReference; lastKnownFileType = sourcecode.swift; path = ViewController.swift; sourceTree = "<group>"; };
		1AE469D921F8C37700F86B88 /* Base */ = {isa = PBXFileReference; lastKnownFileType = file.storyboard; name = Base; path = Base.lproj/Main.storyboard; sourceTree = "<group>"; };
		1AE469DB21F8C37700F86B88 /* Assets.xcassets */ = {isa = PBXFileReference; lastKnownFileType = folder.assetcatalog; path = Assets.xcassets; sourceTree = "<group>"; };
		1AE469DE21F8C37700F86B88 /* Base */ = {isa = PBXFileReference; lastKnownFileType = file.storyboard; name = Base; path = Base.lproj/LaunchScreen.storyboard; sourceTree = "<group>"; };
		1AE469E021F8C37700F86B88 /* Info.plist */ = {isa = PBXFileReference; lastKnownFileType = text.plist.xml; path = Info.plist; sourceTree = "<group>"; };
		1AE469E521F8C37700F86B88 /* P1Repositorio3Tests.xctest */ = {isa = PBXFileReference; explicitFileType = wrapper.cfbundle; includeInIndex = 0; path = P1Repositorio3Tests.xctest; sourceTree = BUILT_PRODUCTS_DIR; };
		1AE469E921F8C37700F86B88 /* P1Repositorio3Tests.swift */ = {isa = PBXFileReference; lastKnownFileType = sourcecode.swift; path = P1Repositorio3Tests.swift; sourceTree = "<group>"; };
		1AE469EB21F8C37700F86B88 /* Info.plist */ = {isa = PBXFileReference; lastKnownFileType = text.plist.xml; path = Info.plist; sourceTree = "<group>"; };
		1AE469F021F8C37700F86B88 /* P1Repositorio3UITests.xctest */ = {isa = PBXFileReference; explicitFileType = wrapper.cfbundle; includeInIndex = 0; path = P1Repositorio3UITests.xctest; sourceTree = BUILT_PRODUCTS_DIR; };
		1AE469F421F8C37700F86B88 /* P1Repositorio3UITests.swift */ = {isa = PBXFileReference; lastKnownFileType = sourcecode.swift; path = P1Repositorio3UITests.swift; sourceTree = "<group>"; };
		1AE469F621F8C37700F86B88 /* Info.plist */ = {isa = PBXFileReference; lastKnownFileType = text.plist.xml; path = Info.plist; sourceTree = "<group>"; };
/* End PBXFileReference section */

/* Begin PBXFrameworksBuildPhase section */
		1AE469CE21F8C37700F86B88 /* Frameworks */ = {
			isa = PBXFrameworksBuildPhase;
			buildActionMask = 2147483647;
			files = (
			);
			runOnlyForDeploymentPostprocessing = 0;
		};
		1AE469E221F8C37700F86B88 /* Frameworks */ = {
			isa = PBXFrameworksBuildPhase;
			buildActionMask = 2147483647;
			files = (
			);
			runOnlyForDeploymentPostprocessing = 0;
		};
		1AE469ED21F8C37700F86B88 /* Frameworks */ = {
			isa = PBXFrameworksBuildPhase;
			buildActionMask = 2147483647;
			files = (
			);
			runOnlyForDeploymentPostprocessing = 0;
		};
/* End PBXFrameworksBuildPhase section */

/* Begin PBXGroup section */
		1AE469C821F8C37700F86B88 = {
			isa = PBXGroup;
			children = (
				1AE469D321F8C37700F86B88 /* P1Repositorio3 */,
				1AE469E821F8C37700F86B88 /* P1Repositorio3Tests */,
				1AE469F321F8C37700F86B88 /* P1Repositorio3UITests */,
				1AE469D221F8C37700F86B88 /* Products */,
			);
			sourceTree = "<group>";
		};
		1AE469D221F8C37700F86B88 /* Products */ = {
			isa = PBXGroup;
			children = (
				1AE469D121F8C37700F86B88 /* P1Repositorio3.app */,
				1AE469E521F8C37700F86B88 /* P1Repositorio3Tests.xctest */,
				1AE469F021F8C37700F86B88 /* P1Repositorio3UITests.xctest */,
			);
			name = Products;
			sourceTree = "<group>";
		};
		1AE469D321F8C37700F86B88 /* P1Repositorio3 */ = {
			isa = PBXGroup;
			children = (
				1AE469D421F8C37700F86B88 /* AppDelegate.swift */,
				1AE469D621F8C37700F86B88 /* ViewController.swift */,
				1AE469D821F8C37700F86B88 /* Main.storyboard */,
				1AE469DB21F8C37700F86B88 /* Assets.xcassets */,
				1AE469DD21F8C37700F86B88 /* LaunchScreen.storyboard */,
				1AE469E021F8C37700F86B88 /* Info.plist */,
			);
			path = P1Repositorio3;
			sourceTree = "<group>";
		};
		1AE469E821F8C37700F86B88 /* P1Repositorio3Tests */ = {
			isa = PBXGroup;
			children = (
				1AE469E921F8C37700F86B88 /* P1Repositorio3Tests.swift */,
				1AE469EB21F8C37700F86B88 /* Info.plist */,
			);
			path = P1Repositorio3Tests;
			sourceTree = "<group>";
		};
		1AE469F321F8C37700F86B88 /* P1Repositorio3UITests */ = {
			isa = PBXGroup;
			children = (
				1AE469F421F8C37700F86B88 /* P1Repositorio3UITests.swift */,
				1AE469F621F8C37700F86B88 /* Info.plist */,
			);
			path = P1Repositorio3UITests;
			sourceTree = "<group>";
		};
/* End PBXGroup section */

/* Begin PBXNativeTarget section */
		1AE469D021F8C37700F86B88 /* P1Repositorio3 */ = {
			isa = PBXNativeTarget;
			buildConfigurationList = 1AE469F921F8C37700F86B88 /* Build configuration list for PBXNativeTarget "P1Repositorio3" */;
			buildPhases = (
				1AE469CD21F8C37700F86B88 /* Sources */,
				1AE469CE21F8C37700F86B88 /* Frameworks */,
				1AE469CF21F8C37700F86B88 /* Resources */,
			);
			buildRules = (
			);
			dependencies = (
			);
			name = P1Repositorio3;
			productName = P1Repositorio3;
			productReference = 1AE469D121F8C37700F86B88 /* P1Repositorio3.app */;
			productType = "com.apple.product-type.application";
		};
		1AE469E421F8C37700F86B88 /* P1Repositorio3Tests */ = {
			isa = PBXNativeTarget;
			buildConfigurationList = 1AE469FC21F8C37700F86B88 /* Build configuration list for PBXNativeTarget "P1Repositorio3Tests" */;
			buildPhases = (
				1AE469E121F8C37700F86B88 /* Sources */,
				1AE469E221F8C37700F86B88 /* Frameworks */,
				1AE469E321F8C37700F86B88 /* Resources */,
			);
			buildRules = (
			);
			dependencies = (
				1AE469E721F8C37700F86B88 /* PBXTargetDependency */,
			);
			name = P1Repositorio3Tests;
			productName = P1Repositorio3Tests;
			productReference = 1AE469E521F8C37700F86B88 /* P1Repositorio3Tests.xctest */;
			productType = "com.apple.product-type.bundle.unit-test";
		};
		1AE469EF21F8C37700F86B88 /* P1Repositorio3UITests */ = {
			isa = PBXNativeTarget;
			buildConfigurationList = 1AE469FF21F8C37700F86B88 /* Build configuration list for PBXNativeTarget "P1Repositorio3UITests" */;
			buildPhases = (
				1AE469EC21F8C37700F86B88 /* Sources */,
				1AE469ED21F8C37700F86B88 /* Frameworks */,
				1AE469EE21F8C37700F86B88 /* Resources */,
			);
			buildRules = (
			);
			dependencies = (
				1AE469F221F8C37700F86B88 /* PBXTargetDependency */,
			);
			name = P1Repositorio3UITests;
			productName = P1Repositorio3UITests;
			productReference = 1AE469F021F8C37700F86B88 /* P1Repositorio3UITests.xctest */;
			productType = "com.apple.product-type.bundle.ui-testing";
		};
/* End PBXNativeTarget section */

/* Begin PBXProject section */
		1AE469C921F8C37700F86B88 /* Project object */ = {
			isa = PBXProject;
			attributes = {
				LastSwiftUpdateCheck = 0920;
				LastUpgradeCheck = 0920;
				ORGANIZATIONNAME = "Universidad Politecnica de Gómez Palacio";
				TargetAttributes = {
					1AE469D021F8C37700F86B88 = {
						CreatedOnToolsVersion = 9.2;
						ProvisioningStyle = Automatic;
					};
					1AE469E421F8C37700F86B88 = {
						CreatedOnToolsVersion = 9.2;
						ProvisioningStyle = Automatic;
						TestTargetID = 1AE469D021F8C37700F86B88;
					};
					1AE469EF21F8C37700F86B88 = {
						CreatedOnToolsVersion = 9.2;
						ProvisioningStyle = Automatic;
						TestTargetID = 1AE469D021F8C37700F86B88;
					};
				};
			};
			buildConfigurationList = 1AE469CC21F8C37700F86B88 /* Build configuration list for PBXProject "P1Repositorio3" */;
			compatibilityVersion = "Xcode 8.0";
			developmentRegion = en;
			hasScannedForEncodings = 0;
			knownRegions = (
				en,
				Base,
			);
			mainGroup = 1AE469C821F8C37700F86B88;
			productRefGroup = 1AE469D221F8C37700F86B88 /* Products */;
			projectDirPath = "";
			projectRoot = "";
			targets = (
				1AE469D021F8C37700F86B88 /* P1Repositorio3 */,
				1AE469E421F8C37700F86B88 /* P1Repositorio3Tests */,
				1AE469EF21F8C37700F86B88 /* P1Repositorio3UITests */,
			);
		};
/* End PBXProject section */

/* Begin PBXResourcesBuildPhase section */
		1AE469CF21F8C37700F86B88 /* Resources */ = {
			isa = PBXResourcesBuildPhase;
			buildActionMask = 2147483647;
			files = (
				1AE469DF21F8C37700F86B88 /* LaunchScreen.storyboard in Resources */,
				1AE469DC21F8C37700F86B88 /* Assets.xcassets in Resources */,
				1AE469DA21F8C37700F86B88 /* Main.storyboard in Resources */,
			);
			runOnlyForDeploymentPostprocessing = 0;
		};
		1AE469E321F8C37700F86B88 /* Resources */ = {
			isa = PBXResourcesBuildPhase;
			buildActionMask = 2147483647;
			files = (
			);
			runOnlyForDeploymentPostprocessing = 0;
		};
		1AE469EE21F8C37700F86B88 /* Resources */ = {
			isa = PBXResourcesBuildPhase;
			buildActionMask = 2147483647;
			files = (
			);
			runOnlyForDeploymentPostprocessing = 0;
		};
/* End PBXResourcesBuildPhase section */

/* Begin PBXSourcesBuildPhase section */
		1AE469CD21F8C37700F86B88 /* Sources */ = {
			isa = PBXSourcesBuildPhase;
			buildActionMask = 2147483647;
			files = (
				1AE469D721F8C37700F86B88 /* ViewController.swift in Sources */,
				1AE469D521F8C37700F86B88 /* AppDelegate.swift in Sources */,
			);
			runOnlyForDeploymentPostprocessing = 0;
		};
		1AE469E121F8C37700F86B88 /* Sources */ = {
			isa = PBXSourcesBuildPhase;
			buildActionMask = 2147483647;
			files = (
				1AE469EA21F8C37700F86B88 /* P1Repositorio3Tests.swift in Sources */,
			);
			runOnlyForDeploymentPostprocessing = 0;
		};
		1AE469EC21F8C37700F86B88 /* Sources */ = {
			isa = PBXSourcesBuildPhase;
			buildActionMask = 2147483647;
			files = (
				1AE469F521F8C37700F86B88 /* P1Repositorio3UITests.swift in Sources */,
			);
			runOnlyForDeploymentPostprocessing = 0;
		};
/* End PBXSourcesBuildPhase section */

/* Begin PBXTargetDependency section */
		1AE469E721F8C37700F86B88 /* PBXTargetDependency */ = {
			isa = PBXTargetDependency;
			target = 1AE469D021F8C37700F86B88 /* P1Repositorio3 */;
			targetProxy = 1AE469E621F8C37700F86B88 /* PBXContainerItemProxy */;
		};
		1AE469F221F8C37700F86B88 /* PBXTargetDependency */ = {
			isa = PBXTargetDependency;
			target = 1AE469D021F8C37700F86B88 /* P1Repositorio3 */;
			targetProxy = 1AE469F121F8C37700F86B88 /* PBXContainerItemProxy */;
		};
/* End PBXTargetDependency section */

/* Begin PBXVariantGroup section */
		1AE469D821F8C37700F86B88 /* Main.storyboard */ = {
			isa = PBXVariantGroup;
			children = (
				1AE469D921F8C37700F86B88 /* Base */,
			);
			name = Main.storyboard;
			sourceTree = "<group>";
		};
		1AE469DD21F8C37700F86B88 /* LaunchScreen.storyboard */ = {
			isa = PBXVariantGroup;
			children = (
				1AE469DE21F8C37700F86B88 /* Base */,
			);
			name = LaunchScreen.storyboard;
			sourceTree = "<group>";
		};
/* End PBXVariantGroup section */

/* Begin XCBuildConfiguration section */
		1AE469F721F8C37700F86B88 /* Debug */ = {
			isa = XCBuildConfiguration;
			buildSettings = {
				ALWAYS_SEARCH_USER_PATHS = NO;
				CLANG_ANALYZER_NONNULL = YES;
				CLANG_ANALYZER_NUMBER_OBJECT_CONVERSION = YES_AGGRESSIVE;
				CLANG_CXX_LANGUAGE_STANDARD = "gnu++14";
				CLANG_CXX_LIBRARY = "libc++";
				CLANG_ENABLE_MODULES = YES;
				CLANG_ENABLE_OBJC_ARC = YES;
				CLANG_WARN_BLOCK_CAPTURE_AUTORELEASING = YES;
				CLANG_WARN_BOOL_CONVERSION = YES;
				CLANG_WARN_COMMA = YES;
				CLANG_WARN_CONSTANT_CONVERSION = YES;
				CLANG_WARN_DIRECT_OBJC_ISA_USAGE = YES_ERROR;
				CLANG_WARN_DOCUMENTATION_COMMENTS = YES;
				CLANG_WARN_EMPTY_BODY = YES;
				CLANG_WARN_ENUM_CONVERSION = YES;
				CLANG_WARN_INFINITE_RECURSION = YES;
				CLANG_WARN_INT_CONVERSION = YES;
				CLANG_WARN_NON_LITERAL_NULL_CONVERSION = YES;
				CLANG_WARN_OBJC_LITERAL_CONVERSION = YES;
				CLANG_WARN_OBJC_ROOT_CLASS = YES_ERROR;
				CLANG_WARN_RANGE_LOOP_ANALYSIS = YES;
				CLANG_WARN_STRICT_PROTOTYPES = YES;
				CLANG_WARN_SUSPICIOUS_MOVE = YES;
				CLANG_WARN_UNGUARDED_AVAILABILITY = YES_AGGRESSIVE;
				CLANG_WARN_UNREACHABLE_CODE = YES;
				CLANG_WARN__DUPLICATE_METHOD_MATCH = YES;
				CODE_SIGN_IDENTITY = "iPhone Developer";
				COPY_PHASE_STRIP = NO;
				DEBUG_INFORMATION_FORMAT = dwarf;
				ENABLE_STRICT_OBJC_MSGSEND = YES;
				ENABLE_TESTABILITY = YES;
				GCC_C_LANGUAGE_STANDARD = gnu11;
				GCC_DYNAMIC_NO_PIC = NO;
				GCC_NO_COMMON_BLOCKS = YES;
				GCC_OPTIMIZATION_LEVEL = 0;
				GCC_PREPROCESSOR_DEFINITIONS = (
					"DEBUG=1",
					"$(inherited)",
				);
				GCC_WARN_64_TO_32_BIT_CONVERSION = YES;
				GCC_WARN_ABOUT_RETURN_TYPE = YES_ERROR;
				GCC_WARN_UNDECLARED_SELECTOR = YES;
				GCC_WARN_UNINITIALIZED_AUTOS = YES_AGGRESSIVE;
				GCC_WARN_UNUSED_FUNCTION = YES;
				GCC_WARN_UNUSED_VARIABLE = YES;
				IPHONEOS_DEPLOYMENT_TARGET = 11.2;
				MTL_ENABLE_DEBUG_INFO = YES;
				ONLY_ACTIVE_ARCH = YES;
				SDKROOT = iphoneos;
				SWIFT_ACTIVE_COMPILATION_CONDITIONS = DEBUG;
				SWIFT_OPTIMIZATION_LEVEL = "-Onone";
			};
			name = Debug;
		};
		1AE469F821F8C37700F86B88 /* Release */ = {
			isa = XCBuildConfiguration;
			buildSettings = {
				ALWAYS_SEARCH_USER_PATHS = NO;
				CLANG_ANALYZER_NONNULL = YES;
				CLANG_ANALYZER_NUMBER_OBJECT_CONVERSION = YES_AGGRESSIVE;
				CLANG_CXX_LANGUAGE_STANDARD = "gnu++14";
				CLANG_CXX_LIBRARY = "libc++";
				CLANG_ENABLE_MODULES = YES;
				CLANG_ENABLE_OBJC_ARC = YES;
				CLANG_WARN_BLOCK_CAPTURE_AUTORELEASING = YES;
				CLANG_WARN_BOOL_CONVERSION = YES;
				CLANG_WARN_COMMA = YES;
				CLANG_WARN_CONSTANT_CONVERSION = YES;
				CLANG_WARN_DIRECT_OBJC_ISA_USAGE = YES_ERROR;
				CLANG_WARN_DOCUMENTATION_COMMENTS = YES;
				CLANG_WARN_EMPTY_BODY = YES;
				CLANG_WARN_ENUM_CONVERSION = YES;
				CLANG_WARN_INFINITE_RECURSION = YES;
				CLANG_WARN_INT_CONVERSION = YES;
				CLANG_WARN_NON_LITERAL_NULL_CONVERSION = YES;
				CLANG_WARN_OBJC_LITERAL_CONVERSION = YES;
				CLANG_WARN_OBJC_ROOT_CLASS = YES_ERROR;
				CLANG_WARN_RANGE_LOOP_ANALYSIS = YES;
				CLANG_WARN_STRICT_PROTOTYPES = YES;
				CLANG_WARN_SUSPICIOUS_MOVE = YES;
				CLANG_WARN_UNGUARDED_AVAILABILITY = YES_AGGRESSIVE;
				CLANG_WARN_UNREACHABLE_CODE = YES;
				CLANG_WARN__DUPLICATE_METHOD_MATCH = YES;
				CODE_SIGN_IDENTITY = "iPhone Developer";
				COPY_PHASE_STRIP = NO;
				DEBUG_INFORMATION_FORMAT = "dwarf-with-dsym";
				ENABLE_NS_ASSERTIONS = NO;
				ENABLE_STRICT_OBJC_MSGSEND = YES;
				GCC_C_LANGUAGE_STANDARD = gnu11;
				GCC_NO_COMMON_BLOCKS = YES;
				GCC_WARN_64_TO_32_BIT_CONVERSION = YES;
				GCC_WARN_ABOUT_RETURN_TYPE = YES_ERROR;
				GCC_WARN_UNDECLARED_SELECTOR = YES;
				GCC_WARN_UNINITIALIZED_AUTOS = YES_AGGRESSIVE;
				GCC_WARN_UNUSED_FUNCTION = YES;
				GCC_WARN_UNUSED_VARIABLE = YES;
				IPHONEOS_DEPLOYMENT_TARGET = 11.2;
				MTL_ENABLE_DEBUG_INFO = NO;
				SDKROOT = iphoneos;
				SWIFT_OPTIMIZATION_LEVEL = "-Owholemodule";
				VALIDATE_PRODUCT = YES;
			};
			name = Release;
		};
		1AE469FA21F8C37700F86B88 /* Debug */ = {
			isa = XCBuildConfiguration;
			buildSettings = {
				ASSETCATALOG_COMPILER_APPICON_NAME = AppIcon;
				CODE_SIGN_STYLE = Automatic;
				DEVELOPMENT_TEAM = CNFFVGP94L;
				INFOPLIST_FILE = P1Repositorio3/Info.plist;
				LD_RUNPATH_SEARCH_PATHS = "$(inherited) @executable_path/Frameworks";
				PRODUCT_BUNDLE_IDENTIFIER = AD.P1Repositorio3;
				PRODUCT_NAME = "$(TARGET_NAME)";
				SWIFT_VERSION = 4.0;
				TARGETED_DEVICE_FAMILY = "1,2";
			};
			name = Debug;
		};
		1AE469FB21F8C37700F86B88 /* Release */ = {
			isa = XCBuildConfiguration;
			buildSettings = {
				ASSETCATALOG_COMPILER_APPICON_NAME = AppIcon;
				CODE_SIGN_STYLE = Automatic;
				DEVELOPMENT_TEAM = CNFFVGP94L;
				INFOPLIST_FILE = P1Repositorio3/Info.plist;
				LD_RUNPATH_SEARCH_PATHS = "$(inherited) @executable_path/Frameworks";
				PRODUCT_BUNDLE_IDENTIFIER = AD.P1Repositorio3;
				PRODUCT_NAME = "$(TARGET_NAME)";
				SWIFT_VERSION = 4.0;
				TARGETED_DEVICE_FAMILY = "1,2";
			};
			name = Release;
		};
		1AE469FD21F8C37700F86B88 /* Debug */ = {
			isa = XCBuildConfiguration;
			buildSettings = {
				ALWAYS_EMBED_SWIFT_STANDARD_LIBRARIES = YES;
				BUNDLE_LOADER = "$(TEST_HOST)";
				CODE_SIGN_STYLE = Automatic;
				DEVELOPMENT_TEAM = CNFFVGP94L;
				INFOPLIST_FILE = P1Repositorio3Tests/Info.plist;
				LD_RUNPATH_SEARCH_PATHS = "$(inherited) @executable_path/Frameworks @loader_path/Frameworks";
				PRODUCT_BUNDLE_IDENTIFIER = AD.P1Repositorio3Tests;
				PRODUCT_NAME = "$(TARGET_NAME)";
				SWIFT_VERSION = 4.0;
				TARGETED_DEVICE_FAMILY = "1,2";
				TEST_HOST = "$(BUILT_PRODUCTS_DIR)/P1Repositorio3.app/P1Repositorio3";
			};
			name = Debug;
		};
		1AE469FE21F8C37700F86B88 /* Release */ = {
			isa = XCBuildConfiguration;
			buildSettings = {
				ALWAYS_EMBED_SWIFT_STANDARD_LIBRARIES = YES;
				BUNDLE_LOADER = "$(TEST_HOST)";
				CODE_SIGN_STYLE = Automatic;
				DEVELOPMENT_TEAM = CNFFVGP94L;
				INFOPLIST_FILE = P1Repositorio3Tests/Info.plist;
				LD_RUNPATH_SEARCH_PATHS = "$(inherited) @executable_path/Frameworks @loader_path/Frameworks";
				PRODUCT_BUNDLE_IDENTIFIER = AD.P1Repositorio3Tests;
				PRODUCT_NAME = "$(TARGET_NAME)";
				SWIFT_VERSION = 4.0;
				TARGETED_DEVICE_FAMILY = "1,2";
				TEST_HOST = "$(BUILT_PRODUCTS_DIR)/P1Repositorio3.app/P1Repositorio3";
			};
			name = Release;
		};
		1AE46A0021F8C37700F86B88 /* Debug */ = {
			isa = XCBuildConfiguration;
			buildSettings = {
				ALWAYS_EMBED_SWIFT_STANDARD_LIBRARIES = YES;
				CODE_SIGN_STYLE = Automatic;
				DEVELOPMENT_TEAM = CNFFVGP94L;
				INFOPLIST_FILE = P1Repositorio3UITests/Info.plist;
				LD_RUNPATH_SEARCH_PATHS = "$(inherited) @executable_path/Frameworks @loader_path/Frameworks";
				PRODUCT_BUNDLE_IDENTIFIER = AD.P1Repositorio3UITests;
				PRODUCT_NAME = "$(TARGET_NAME)";
				SWIFT_VERSION = 4.0;
				TARGETED_DEVICE_FAMILY = "1,2";
				TEST_TARGET_NAME = P1Repositorio3;
			};
			name = Debug;
		};
		1AE46A0121F8C37700F86B88 /* Release */ = {
			isa = XCBuildConfiguration;
			buildSettings = {
				ALWAYS_EMBED_SWIFT_STANDARD_LIBRARIES = YES;
				CODE_SIGN_STYLE = Automatic;
				DEVELOPMENT_TEAM = CNFFVGP94L;
				INFOPLIST_FILE = P1Repositorio3UITests/Info.plist;
				LD_RUNPATH_SEARCH_PATHS = "$(inherited) @executable_path/Frameworks @loader_path/Frameworks";
				PRODUCT_BUNDLE_IDENTIFIER = AD.P1Repositorio3UITests;
				PRODUCT_NAME = "$(TARGET_NAME)";
				SWIFT_VERSION = 4.0;
				TARGETED_DEVICE_FAMILY = "1,2";
				TEST_TARGET_NAME = P1Repositorio3;
			};
			name = Release;
		};
/* End XCBuildConfiguration section */

/* Begin XCConfigurationList section */
		1AE469CC21F8C37700F86B88 /* Build configuration list for PBXProject "P1Repositorio3" */ = {
			isa = XCConfigurationList;
			buildConfigurations = (
				1AE469F721F8C37700F86B88 /* Debug */,
				1AE469F821F8C37700F86B88 /* Release */,
			);
			defaultConfigurationIsVisible = 0;
			defaultConfigurationName = Release;
		};
		1AE469F921F8C37700F86B88 /* Build configuration list for PBXNativeTarget "P1Repositorio3" */ = {
			isa = XCConfigurationList;
			buildConfigurations = (
				1AE469FA21F8C37700F86B88 /* Debug */,
				1AE469FB21F8C37700F86B88 /* Release */,
			);
			defaultConfigurationIsVisible = 0;
			defaultConfigurationName = Release;
		};
		1AE469FC21F8C37700F86B88 /* Build configuration list for PBXNativeTarget "P1Repositorio3Tests" */ = {
			isa = XCConfigurationList;
			buildConfigurations = (
				1AE469FD21F8C37700F86B88 /* Debug */,
				1AE469FE21F8C37700F86B88 /* Release */,
			);
			defaultConfigurationIsVisible = 0;
			defaultConfigurationName = Release;
		};
		1AE469FF21F8C37700F86B88 /* Build configuration list for PBXNativeTarget "P1Repositorio3UITests" */ = {
			isa = XCConfigurationList;
			buildConfigurations = (
				1AE46A0021F8C37700F86B88 /* Debug */,
				1AE46A0121F8C37700F86B88 /* Release */,
			);
			defaultConfigurationIsVisible = 0;
			defaultConfigurationName = Release;
		};
/* End XCConfigurationList section */
	};
	rootObject = 1AE469C921F8C37700F86B88 /* Project object */;
}
